<?xml version="1.0" encoding="utf-8"?>
<Project ToolsVersion="4.0" xmlns="http://schemas.microsoft.com/developer/msbuild/2003">
  <ItemGroup>
    <Filter Include="Source Files">
      <UniqueIdentifier>{4FC737F1-C7A5-4376-A066-2A32D752A2FF}</UniqueIdentifier>
      <Extensions>cpp;c;cc;cxx;c++;cppm;ixx;def;odl;idl;hpj;bat;asm;asmx</Extensions>
    </Filter>
    <Filter Include="Header Files">
      <UniqueIdentifier>{93995380-89BD-4b04-88EB-625FBE52EBFB}</UniqueIdentifier>
      <Extensions>h;hh;hpp;hxx;h++;hm;inl;inc;ipp;xsd</Extensions>
    </Filter>
    <Filter Include="Resource Files">
      <UniqueIdentifier>{67DA6AB6-F800-4c08-8B7A-83BB121AAD01}</UniqueIdentifier>
      <Extensions>rc;ico;cur;bmp;dlg;rc2;rct;bin;rgs;gif;jpg;jpeg;jpe;resx;tiff;tif;png;wav;mfcribbon-ms</Extensions>
    </Filter>
    <Filter Include="Header Files\Impl">
      <UniqueIdentifier>{b725a722-7433-4ab4-9405-a33012e336cb}</UniqueIdentifier>
    </Filter>
    <Filter Include="Header Files\TEMP">
      <UniqueIdentifier>{9468388e-c6a6-4c6e-85f7-ac51db9529df}</UniqueIdentifier>
    </Filter>
  </ItemGroup>
  <ItemGroup>
    <ClInclude Include="OrderedMap.h">
      <Filter>Header Files</Filter>
    </ClInclude>
    <ClInclude Include="OrderedSet.h">
      <Filter>Header Files</Filter>
    </ClInclude>
    <ClInclude Include="Vector.h">
      <Filter>Header Files</Filter>
    </ClInclude>
    <ClInclude Include="Concepts.h">
      <Filter>Header Files</Filter>
    </ClInclude>
    <ClInclude Include="HashMap.h">
      <Filter>Header Files</Filter>
    </ClInclude>
    <ClInclude Include="HashSet.h">
      <Filter>Header Files</Filter>
    </ClInclude>
    <ClInclude Include="List.h">
      <Filter>Header Files</Filter>
    </ClInclude>
    <ClInclude Include="Iterators.h">
      <Filter>Header Files</Filter>
    </ClInclude>
    <ClInclude Include="MallocAllocator.h">
      <Filter>Header Files</Filter>
    </ClInclude>
    <ClInclude Include="Utility.h">
      <Filter>Header Files</Filter>
    </ClInclude>
    <ClInclude Include="HashBase.h">
      <Filter>Header Files</Filter>
    </ClInclude>
    <ClInclude Include="IteratorsImpl.h">
      <Filter>Header Files\Impl</Filter>
    </ClInclude>
    <ClInclude Include="UtilityImpl.h">
      <Filter>Header Files\Impl</Filter>
    </ClInclude>
    <ClInclude Include="VectorImpl.h">
      <Filter>Header Files\Impl</Filter>
    </ClInclude>
    <ClInclude Include="OrderedBase.h">
      <Filter>Header Files</Filter>
    </ClInclude>
    <ClInclude Include="MemoryUtils.h">
      <Filter>Header Files</Filter>
    </ClInclude>
    <ClInclude Include="TypeTraits.h">
      <Filter>Header Files</Filter>
    </ClInclude>
    <ClInclude Include="Macros.h">
      <Filter>Header Files</Filter>
    </ClInclude>
    <ClInclude Include="String.h">
      <Filter>Header Files</Filter>
    </ClInclude>
    <ClInclude Include="ArrayView.h">
      <Filter>Header Files</Filter>
    </ClInclude>
    <ClInclude Include="StringView.h">
      <Filter>Header Files</Filter>
    </ClInclude>
    <ClInclude Include="Pair.h">
      <Filter>Header Files</Filter>
    </ClInclude>
    <ClInclude Include="Optional.h">
      <Filter>Header Files</Filter>
    </ClInclude>
    <ClInclude Include="HashMultiMap.h">
      <Filter>Header Files</Filter>
    </ClInclude>
    <ClInclude Include="HashMultiSet.h">
      <Filter>Header Files</Filter>
    </ClInclude>
    <ClInclude Include="OrderedMultiMap.h">
      <Filter>Header Files</Filter>
    </ClInclude>
    <ClInclude Include="OrderedMultiSet.h">
      <Filter>Header Files</Filter>
    </ClInclude>
    <ClInclude Include="Benchmark.h">
      <Filter>Header Files\TEMP</Filter>
    </ClInclude>
    <ClInclude Include="Assert.h">
      <Filter>Header Files</Filter>
    </ClInclude>
    <ClInclude Include="Array.h">
      <Filter>Header Files</Filter>
    </ClInclude>
    <ClInclude Include="ContainerUtils.h">
      <Filter>Header Files</Filter>
    </ClInclude>
    <ClInclude Include="BenchmarkImpl.h">
      <Filter>Header Files\TEMP</Filter>
    </ClInclude>
  </ItemGroup>
  <ItemGroup>
    <ClCompile Include="main.cpp">
      <Filter>Source Files</Filter>
    </ClCompile>
    <ClCompile Include="Memory.cpp">
      <Filter>Source Files</Filter>
    </ClCompile>
    <ClCompile Include="Benchmark.cpp">
      <Filter>Source Files</Filter>
    </ClCompile>
  </ItemGroup>
</Project>